
Microsoft Visual Studio Solution File, Format Version 12.00
# Visual Studio 15
Project("{FAE04EC0-301F-11D3-BF4B-00C04F79EFBC}") = "RelativeSourcePlayground.Android", "RelativeSourcePlayground.Android\RelativeSourcePlayground.Android.csproj", "{8CA93138-28D4-424B-9A02-0DEC7A145FA2}"
EndProject
Project("{FAE04EC0-301F-11D3-BF4B-00C04F79EFBC}") = "RelativeSourcePlayground.iOS", "RelativeSourcePlayground.iOS\RelativeSourcePlayground.iOS.csproj", "{33DF73F5-5A24-42E8-BF95-30BFC61B3C9C}"
EndProject
Project("{FAE04EC0-301F-11D3-BF4B-00C04F79EFBC}") = "RelativeSourcePlayground", "RelativeSourcePlayground\RelativeSourcePlayground.csproj", "{423C1EDC-997A-4DF3-9266-6EC67255F0D1}"
EndProject
Global
	GlobalSection(SolutionConfigurationPlatforms) = preSolution
		Debug|Any CPU = Debug|Any CPU
		Release|Any CPU = Release|Any CPU
		Debug|iPhoneSimulator = Debug|iPhoneSimulator
		Release|iPhoneSimulator = Release|iPhoneSimulator
		Debug|iPhone = Debug|iPhone
		Release|iPhone = Release|iPhone
	EndGlobalSection
	GlobalSection(ProjectConfigurationPlatforms) = postSolution
		{8CA93138-28D4-424B-9A02-0DEC7A145FA2}.Debug|Any CPU.ActiveCfg = Debug|Any CPU
		{8CA93138-28D4-424B-9A02-0DEC7A145FA2}.Debug|Any CPU.Build.0 = Debug|Any CPU
		{8CA93138-28D4-424B-9A02-0DEC7A145FA2}.Release|Any CPU.ActiveCfg = Release|Any CPU
		{8CA93138-28D4-424B-9A02-0DEC7A145FA2}.Release|Any CPU.Build.0 = Release|Any CPU
		{8CA93138-28D4-424B-9A02-0DEC7A145FA2}.Debug|iPhoneSimulator.ActiveCfg = Debug|Any CPU
		{8CA93138-28D4-424B-9A02-0DEC7A145FA2}.Debug|iPhoneSimulator.Build.0 = Debug|Any CPU
		{8CA93138-28D4-424B-9A02-0DEC7A145FA2}.Release|iPhoneSimulator.ActiveCfg = Release|Any CPU
		{8CA93138-28D4-424B-9A02-0DEC7A145FA2}.Release|iPhoneSimulator.Build.0 = Release|Any CPU
		{8CA93138-28D4-424B-9A02-0DEC7A145FA2}.Debug|iPhone.ActiveCfg = Debug|Any CPU
		{8CA93138-28D4-424B-9A02-0DEC7A145FA2}.Debug|iPhone.Build.0 = Debug|Any CPU
		{8CA93138-28D4-424B-9A02-0DEC7A145FA2}.Release|iPhone.ActiveCfg = Release|Any CPU
		{8CA93138-28D4-424B-9A02-0DEC7A145FA2}.Release|iPhone.Build.0 = Release|Any CPU
		{33DF73F5-5A24-42E8-BF95-30BFC61B3C9C}.Debug|Any CPU.ActiveCfg = Debug|iPhoneSimulator
		{33DF73F5-5A24-42E8-BF95-30BFC61B3C9C}.Debug|Any CPU.Build.0 = Debug|iPhoneSimulator
		{33DF73F5-5A24-42E8-BF95-30BFC61B3C9C}.Release|Any CPU.ActiveCfg = Release|iPhoneSimulator
		{33DF73F5-5A24-42E8-BF95-30BFC61B3C9C}.Release|Any CPU.Build.0 = Release|iPhoneSimulator
		{33DF73F5-5A24-42E8-BF95-30BFC61B3C9C}.Debug|iPhoneSimulator.ActiveCfg = Debug|iPhoneSimulator
		{33DF73F5-5A24-42E8-BF95-30BFC61B3C9C}.Debug|iPhoneSimulator.Build.0 = Debug|iPhoneSimulator
		{33DF73F5-5A24-42E8-BF95-30BFC61B3C9C}.Release|iPhoneSimulator.ActiveCfg = Release|iPhoneSimulator
		{33DF73F5-5A24-42E8-BF95-30BFC61B3C9C}.Release|iPhoneSimulator.Build.0 = Release|iPhoneSimulator
		{33DF73F5-5A24-42E8-BF95-30BFC61B3C9C}.Debug|iPhone.ActiveCfg = Debug|iPhone
		{33DF73F5-5A24-42E8-BF95-30BFC61B3C9C}.Debug|iPhone.Build.0 = Debug|iPhone
		{33DF73F5-5A24-42E8-BF95-30BFC61B3C9C}.Release|iPhone.ActiveCfg = Release|iPhone
		{33DF73F5-5A24-42E8-BF95-30BFC61B3C9C}.Release|iPhone.Build.0 = Release|iPhone
		{423C1EDC-997A-4DF3-9266-6EC67255F0D1}.Debug|Any CPU.ActiveCfg = Debug|Any CPU
		{423C1EDC-997A-4DF3-9266-6EC67255F0D1}.Debug|Any CPU.Build.0 = Debug|Any CPU
		{423C1EDC-997A-4DF3-9266-6EC67255F0D1}.Release|Any CPU.ActiveCfg = Release|Any CPU
		{423C1EDC-997A-4DF3-9266-6EC67255F0D1}.Release|Any CPU.Build.0 = Release|Any CPU
		{423C1EDC-997A-4DF3-9266-6EC67255F0D1}.Debug|iPhoneSimulator.ActiveCfg = Debug|Any CPU
		{423C1EDC-997A-4DF3-9266-6EC67255F0D1}.Debug|iPhoneSimulator.Build.0 = Debug|Any CPU
		{423C1EDC-997A-4DF3-9266-6EC67255F0D1}.Release|iPhoneSimulator.ActiveCfg = Release|Any CPU
		{423C1EDC-997A-4DF3-9266-6EC67255F0D1}.Release|iPhoneSimulator.Build.0 = Release|Any CPU
		{423C1EDC-997A-4DF3-9266-6EC67255F0D1}.Debug|iPhone.ActiveCfg = Debug|Any CPU
		{423C1EDC-997A-4DF3-9266-6EC67255F0D1}.Debug|iPhone.Build.0 = Debug|Any CPU
		{423C1EDC-997A-4DF3-9266-6EC67255F0D1}.Release|iPhone.ActiveCfg = Release|Any CPU
		{423C1EDC-997A-4DF3-9266-6EC67255F0D1}.Release|iPhone.Build.0 = Release|Any CPU
	EndGlobalSection
EndGlobal
